
Microsoft Visual Studio Solution File, Format Version 12.00
# Visual Studio Version 17
VisualStudioVersion = 17.3.32819.101
MinimumVisualStudioVersion = 10.0.40219.1
Project("{F184B08F-C81C-45F6-A57F-5ABD9991F28F}") = "Module14 Homework", "Module14 Homework\Module14 Homework.vbproj", "{EA8CB711-B6BF-4ABE-8D4D-CDCB9844ADE4}"
EndProject
Global
	GlobalSection(SolutionConfigurationPlatforms) = preSolution
		Debug|Any CPU = Debug|Any CPU
		Release|Any CPU = Release|Any CPU
	EndGlobalSection
	GlobalSection(ProjectConfigurationPlatforms) = postSolution
		{EA8CB711-B6BF-4ABE-8D4D-CDCB9844ADE4}.Debug|Any CPU.ActiveCfg = Debug|Any CPU
		{EA8CB711-B6BF-4ABE-8D4D-CDCB9844ADE4}.Debug|Any CPU.Build.0 = Debug|Any CPU
		{EA8CB711-B6BF-4ABE-8D4D-CDCB9844ADE4}.Release|Any CPU.ActiveCfg = Release|Any CPU
		{EA8CB711-B6BF-4ABE-8D4D-CDCB9844ADE4}.Release|Any CPU.Build.0 = Release|Any CPU
	EndGlobalSection
	GlobalSection(SolutionProperties) = preSolution
		HideSolutionNode = FALSE
	EndGlobalSection
	GlobalSection(ExtensibilityGlobals) = postSolution
		SolutionGuid = {1FE329C9-EC9F-418B-A8E0-867D1DC6C8AD}
	EndGlobalSection
EndGlobal
